
Microsoft Visual Studio Solution File, Format Version 12.00
# Visual Studio Version 17
VisualStudioVersion = 17.0.31903.59
MinimumVisualStudioVersion = 10.0.40219.1
Project("{FAE04EC0-301F-11D3-BF4B-00C04F79EFBC}") = "Mastermind.Api", "Mastermind.Api\Mastermind.Api.csproj", "{72D83E67-00A2-4ABB-9FA8-BD0DB8BC847D}"
EndProject
Project("{FAE04EC0-301F-11D3-BF4B-00C04F79EFBC}") = "Mastermind.Core", "Mastermind.Core\Mastermind.Core.csproj", "{7BE1D6DC-D8EE-4FCD-B542-E92CA55B037D}"
EndProject
Global
	GlobalSection(SolutionConfigurationPlatforms) = preSolution
		Debug|Any CPU = Debug|Any CPU
		Release|Any CPU = Release|Any CPU
	EndGlobalSection
	GlobalSection(SolutionProperties) = preSolution
		HideSolutionNode = FALSE
	EndGlobalSection
	GlobalSection(ProjectConfigurationPlatforms) = postSolution
		{72D83E67-00A2-4ABB-9FA8-BD0DB8BC847D}.Debug|Any CPU.ActiveCfg = Debug|Any CPU
		{72D83E67-00A2-4ABB-9FA8-BD0DB8BC847D}.Debug|Any CPU.Build.0 = Debug|Any CPU
		{72D83E67-00A2-4ABB-9FA8-BD0DB8BC847D}.Release|Any CPU.ActiveCfg = Release|Any CPU
		{72D83E67-00A2-4ABB-9FA8-BD0DB8BC847D}.Release|Any CPU.Build.0 = Release|Any CPU
		{7BE1D6DC-D8EE-4FCD-B542-E92CA55B037D}.Debug|Any CPU.ActiveCfg = Debug|Any CPU
		{7BE1D6DC-D8EE-4FCD-B542-E92CA55B037D}.Debug|Any CPU.Build.0 = Debug|Any CPU
		{7BE1D6DC-D8EE-4FCD-B542-E92CA55B037D}.Release|Any CPU.ActiveCfg = Release|Any CPU
		{7BE1D6DC-D8EE-4FCD-B542-E92CA55B037D}.Release|Any CPU.Build.0 = Release|Any CPU
	EndGlobalSection
EndGlobal
